
Microsoft Visual Studio Solution File, Format Version 12.00
# Visual Studio Version 16
VisualStudioVersion = 16.0.29318.209
MinimumVisualStudioVersion = 10.0.40219.1
Project("{9A19103F-16F7-4668-BE54-9A1E7A4F7556}") = "CheckForStrongName", "CheckForStrongName.csproj", "{F852193F-049F-4A68-A586-9206DB28E0B2}"
EndProject
Global
	GlobalSection(SolutionConfigurationPlatforms) = preSolution
		Debug|Any CPU = Debug|Any CPU
		Release|Any CPU = Release|Any CPU
	EndGlobalSection
	GlobalSection(ProjectConfigurationPlatforms) = postSolution
		{F852193F-049F-4A68-A586-9206DB28E0B2}.Debug|Any CPU.ActiveCfg = Debug|Any CPU
		{F852193F-049F-4A68-A586-9206DB28E0B2}.Debug|Any CPU.Build.0 = Debug|Any CPU
		{F852193F-049F-4A68-A586-9206DB28E0B2}.Release|Any CPU.ActiveCfg = Release|Any CPU
		{F852193F-049F-4A68-A586-9206DB28E0B2}.Release|Any CPU.Build.0 = Release|Any CPU
	EndGlobalSection
	GlobalSection(SolutionProperties) = preSolution
		HideSolutionNode = FALSE
	EndGlobalSection
	GlobalSection(ExtensibilityGlobals) = postSolution
		SolutionGuid = {91C906B2-2EF4-4E24-A133-E11A2FDBF258}
	EndGlobalSection
EndGlobal
